
Microsoft Visual Studio Solution File, Format Version 12.00
# Visual Studio Version 17
VisualStudioVersion = 17.9.34701.34
MinimumVisualStudioVersion = 10.0.40219.1
Project("{FAE04EC0-301F-11D3-BF4B-00C04F79EFBC}") = "Inheritance task", "Inheritance task\Inheritance task.csproj", "{D112A3E4-D2F3-4A36-8825-188D91F75025}"
EndProject
Global
	GlobalSection(SolutionConfigurationPlatforms) = preSolution
		Debug|Any CPU = Debug|Any CPU
		Release|Any CPU = Release|Any CPU
	EndGlobalSection
	GlobalSection(ProjectConfigurationPlatforms) = postSolution
		{D112A3E4-D2F3-4A36-8825-188D91F75025}.Debug|Any CPU.ActiveCfg = Debug|Any CPU
		{D112A3E4-D2F3-4A36-8825-188D91F75025}.Debug|Any CPU.Build.0 = Debug|Any CPU
		{D112A3E4-D2F3-4A36-8825-188D91F75025}.Release|Any CPU.ActiveCfg = Release|Any CPU
		{D112A3E4-D2F3-4A36-8825-188D91F75025}.Release|Any CPU.Build.0 = Release|Any CPU
	EndGlobalSection
	GlobalSection(SolutionProperties) = preSolution
		HideSolutionNode = FALSE
	EndGlobalSection
	GlobalSection(ExtensibilityGlobals) = postSolution
		SolutionGuid = {954C55FD-F621-41E3-ACFF-1F87449ED362}
	EndGlobalSection
EndGlobal
